
Microsoft Visual Studio Solution File, Format Version 12.00
# Visual Studio Express 2013 for Windows Desktop
VisualStudioVersion = 12.0.21005.1
MinimumVisualStudioVersion = 10.0.40219.1
Project("{FAE04EC0-301F-11D3-BF4B-00C04F79EFBC}") = "3-6-9", "decemberExamCsharp1\3-6-9.csproj", "{0602C7A2-CBFA-444A-9DC0-56A99349740A}"
EndProject
Project("{FAE04EC0-301F-11D3-BF4B-00C04F79EFBC}") = "The horror", "The horror\The horror.csproj", "{CE6ECCDB-C0BB-4DF0-8FDB-D6C56D67EC92}"
EndProject
Project("{FAE04EC0-301F-11D3-BF4B-00C04F79EFBC}") = "Xpression", "Xpression\Xpression.csproj", "{69C82D58-D706-489F-B10D-2E12DC88B0B5}"
EndProject
Project("{FAE04EC0-301F-11D3-BF4B-00C04F79EFBC}") = "DiamondTrolls", "DiamondTrolls\DiamondTrolls.csproj", "{40891E9D-C31D-4644-BB13-FE29BF4C1754}"
EndProject
Global
	GlobalSection(SolutionConfigurationPlatforms) = preSolution
		Debug|Any CPU = Debug|Any CPU
		Release|Any CPU = Release|Any CPU
	EndGlobalSection
	GlobalSection(ProjectConfigurationPlatforms) = postSolution
		{0602C7A2-CBFA-444A-9DC0-56A99349740A}.Debug|Any CPU.ActiveCfg = Debug|Any CPU
		{0602C7A2-CBFA-444A-9DC0-56A99349740A}.Debug|Any CPU.Build.0 = Debug|Any CPU
		{0602C7A2-CBFA-444A-9DC0-56A99349740A}.Release|Any CPU.ActiveCfg = Release|Any CPU
		{0602C7A2-CBFA-444A-9DC0-56A99349740A}.Release|Any CPU.Build.0 = Release|Any CPU
		{CE6ECCDB-C0BB-4DF0-8FDB-D6C56D67EC92}.Debug|Any CPU.ActiveCfg = Debug|Any CPU
		{CE6ECCDB-C0BB-4DF0-8FDB-D6C56D67EC92}.Debug|Any CPU.Build.0 = Debug|Any CPU
		{CE6ECCDB-C0BB-4DF0-8FDB-D6C56D67EC92}.Release|Any CPU.ActiveCfg = Release|Any CPU
		{CE6ECCDB-C0BB-4DF0-8FDB-D6C56D67EC92}.Release|Any CPU.Build.0 = Release|Any CPU
		{69C82D58-D706-489F-B10D-2E12DC88B0B5}.Debug|Any CPU.ActiveCfg = Debug|Any CPU
		{69C82D58-D706-489F-B10D-2E12DC88B0B5}.Debug|Any CPU.Build.0 = Debug|Any CPU
		{69C82D58-D706-489F-B10D-2E12DC88B0B5}.Release|Any CPU.ActiveCfg = Release|Any CPU
		{69C82D58-D706-489F-B10D-2E12DC88B0B5}.Release|Any CPU.Build.0 = Release|Any CPU
		{40891E9D-C31D-4644-BB13-FE29BF4C1754}.Debug|Any CPU.ActiveCfg = Debug|Any CPU
		{40891E9D-C31D-4644-BB13-FE29BF4C1754}.Debug|Any CPU.Build.0 = Debug|Any CPU
		{40891E9D-C31D-4644-BB13-FE29BF4C1754}.Release|Any CPU.ActiveCfg = Release|Any CPU
		{40891E9D-C31D-4644-BB13-FE29BF4C1754}.Release|Any CPU.Build.0 = Release|Any CPU
	EndGlobalSection
	GlobalSection(SolutionProperties) = preSolution
		HideSolutionNode = FALSE
	EndGlobalSection
EndGlobal
