
Microsoft Visual Studio Solution File, Format Version 12.00
# Visual Studio 2013
VisualStudioVersion = 12.0.21005.1
MinimumVisualStudioVersion = 10.0.40219.1
Project("{FAE04EC0-301F-11D3-BF4B-00C04F79EFBC}") = "01.TextInsertMethod", "01.TextInsertMethod\01.TextInsertMethod.csproj", "{0170848C-9FC6-4FD4-B21E-5845311010FE}"
EndProject
Project("{FAE04EC0-301F-11D3-BF4B-00C04F79EFBC}") = "02.GetMaxMethod", "02.GetMaxMethod\02.GetMaxMethod.csproj", "{E5AAEEBB-1E8B-4248-B612-5D059EAEDA14}"
EndProject
Project("{FAE04EC0-301F-11D3-BF4B-00C04F79EFBC}") = "03.LastNumAsWord", "03.LastNumAsWord\03.LastNumAsWord.csproj", "{E068F496-07D1-49D5-93D3-CECCC5FD6129}"
EndProject
Project("{FAE04EC0-301F-11D3-BF4B-00C04F79EFBC}") = "04.NumCountInArray", "04.NumCountInArray\04.NumCountInArray.csproj", "{BF039A26-B8B4-44B4-B5F4-A851F837C81D}"
EndProject
Project("{FAE04EC0-301F-11D3-BF4B-00C04F79EFBC}") = "05.BiggerThanNeighboursMethod", "05.BiggerThanNeighboursMethod\05.BiggerThanNeighboursMethod.csproj", "{9C30DB8C-233D-42FE-A542-FF81B0F3135A}"
EndProject
Project("{FAE04EC0-301F-11D3-BF4B-00C04F79EFBC}") = "06.FirstBiggerThan", "06.FirstBiggerThan\06.FirstBiggerThan.csproj", "{A3ACEE38-C501-4D90-B73A-7040E7A30201}"
EndProject
Project("{FAE04EC0-301F-11D3-BF4B-00C04F79EFBC}") = "07.ReverseDigitMethod", "07.ReverseDigitMethod\07.ReverseDigitMethod.csproj", "{D61AAB27-175A-4C7E-BD17-625521E835DC}"
EndProject
Project("{FAE04EC0-301F-11D3-BF4B-00C04F79EFBC}") = "08.NumberAddUpMethod", "08.NumberAddUpMethod\08.NumberAddUpMethod.csproj", "{7B1CC5A8-1488-45CD-BCB0-34B01631E65B}"
EndProject
Project("{FAE04EC0-301F-11D3-BF4B-00C04F79EFBC}") = "09-SelectionSortMethod", "09-SelectionSortMethod\09-SelectionSortMethod.csproj", "{2A4654CB-67D4-48C3-A269-EE3D9CC7DAA2}"
EndProject
Project("{2150E333-8FDC-42A3-9474-1A3956D46DE8}") = "10.BigFactorial", "10.BigFactorial", "{41E788FF-59CB-4D4D-A4FD-E0014629AE4C}"
	ProjectSection(SolutionItems) = preProject
		10-BigFactorial\BigFactorial.cs = 10-BigFactorial\BigFactorial.cs
	EndProjectSection
EndProject
Project("{FAE04EC0-301F-11D3-BF4B-00C04F79EFBC}") = "11-AddPolynomials", "11-AddPolynomials\11-AddPolynomials.csproj", "{6C24D4DF-D389-4805-88A5-5D93C57749E2}"
EndProject
Project("{FAE04EC0-301F-11D3-BF4B-00C04F79EFBC}") = "12-SubtractAndMultiplyPolynomials", "12-SubtractAndMultiplyPolynomials\12-SubtractAndMultiplyPolynomials.csproj", "{3B1FFE07-84BE-41A4-939A-A9442977712A}"
EndProject
Project("{FAE04EC0-301F-11D3-BF4B-00C04F79EFBC}") = "13-TaskSolver", "13-TaskSolver\13-TaskSolver.csproj", "{D222ABCE-28BC-47A7-B193-B777F81134F2}"
EndProject
Project("{FAE04EC0-301F-11D3-BF4B-00C04F79EFBC}") = "14-VariableArguments", "14-VariableArguments\14-VariableArguments.csproj", "{05DF9765-F4B8-4322-8FCF-6D71251A0EE2}"
EndProject
Project("{FAE04EC0-301F-11D3-BF4B-00C04F79EFBC}") = "15-GenericMethods", "15-GenericMethods\15-GenericMethods.csproj", "{0CA9F3B9-9F28-4136-9245-709BBD30AFD5}"
EndProject
Global
	GlobalSection(SolutionConfigurationPlatforms) = preSolution
		Debug|Any CPU = Debug|Any CPU
		Release|Any CPU = Release|Any CPU
	EndGlobalSection
	GlobalSection(ProjectConfigurationPlatforms) = postSolution
		{0170848C-9FC6-4FD4-B21E-5845311010FE}.Debug|Any CPU.ActiveCfg = Debug|Any CPU
		{0170848C-9FC6-4FD4-B21E-5845311010FE}.Debug|Any CPU.Build.0 = Debug|Any CPU
		{0170848C-9FC6-4FD4-B21E-5845311010FE}.Release|Any CPU.ActiveCfg = Release|Any CPU
		{0170848C-9FC6-4FD4-B21E-5845311010FE}.Release|Any CPU.Build.0 = Release|Any CPU
		{E5AAEEBB-1E8B-4248-B612-5D059EAEDA14}.Debug|Any CPU.ActiveCfg = Debug|Any CPU
		{E5AAEEBB-1E8B-4248-B612-5D059EAEDA14}.Debug|Any CPU.Build.0 = Debug|Any CPU
		{E5AAEEBB-1E8B-4248-B612-5D059EAEDA14}.Release|Any CPU.ActiveCfg = Release|Any CPU
		{E5AAEEBB-1E8B-4248-B612-5D059EAEDA14}.Release|Any CPU.Build.0 = Release|Any CPU
		{E068F496-07D1-49D5-93D3-CECCC5FD6129}.Debug|Any CPU.ActiveCfg = Debug|Any CPU
		{E068F496-07D1-49D5-93D3-CECCC5FD6129}.Debug|Any CPU.Build.0 = Debug|Any CPU
		{E068F496-07D1-49D5-93D3-CECCC5FD6129}.Release|Any CPU.ActiveCfg = Release|Any CPU
		{E068F496-07D1-49D5-93D3-CECCC5FD6129}.Release|Any CPU.Build.0 = Release|Any CPU
		{BF039A26-B8B4-44B4-B5F4-A851F837C81D}.Debug|Any CPU.ActiveCfg = Debug|Any CPU
		{BF039A26-B8B4-44B4-B5F4-A851F837C81D}.Debug|Any CPU.Build.0 = Debug|Any CPU
		{BF039A26-B8B4-44B4-B5F4-A851F837C81D}.Release|Any CPU.ActiveCfg = Release|Any CPU
		{BF039A26-B8B4-44B4-B5F4-A851F837C81D}.Release|Any CPU.Build.0 = Release|Any CPU
		{9C30DB8C-233D-42FE-A542-FF81B0F3135A}.Debug|Any CPU.ActiveCfg = Debug|Any CPU
		{9C30DB8C-233D-42FE-A542-FF81B0F3135A}.Debug|Any CPU.Build.0 = Debug|Any CPU
		{9C30DB8C-233D-42FE-A542-FF81B0F3135A}.Release|Any CPU.ActiveCfg = Release|Any CPU
		{9C30DB8C-233D-42FE-A542-FF81B0F3135A}.Release|Any CPU.Build.0 = Release|Any CPU
		{A3ACEE38-C501-4D90-B73A-7040E7A30201}.Debug|Any CPU.ActiveCfg = Debug|Any CPU
		{A3ACEE38-C501-4D90-B73A-7040E7A30201}.Debug|Any CPU.Build.0 = Debug|Any CPU
		{A3ACEE38-C501-4D90-B73A-7040E7A30201}.Release|Any CPU.ActiveCfg = Release|Any CPU
		{A3ACEE38-C501-4D90-B73A-7040E7A30201}.Release|Any CPU.Build.0 = Release|Any CPU
		{D61AAB27-175A-4C7E-BD17-625521E835DC}.Debug|Any CPU.ActiveCfg = Debug|Any CPU
		{D61AAB27-175A-4C7E-BD17-625521E835DC}.Debug|Any CPU.Build.0 = Debug|Any CPU
		{D61AAB27-175A-4C7E-BD17-625521E835DC}.Release|Any CPU.ActiveCfg = Release|Any CPU
		{D61AAB27-175A-4C7E-BD17-625521E835DC}.Release|Any CPU.Build.0 = Release|Any CPU
		{7B1CC5A8-1488-45CD-BCB0-34B01631E65B}.Debug|Any CPU.ActiveCfg = Debug|Any CPU
		{7B1CC5A8-1488-45CD-BCB0-34B01631E65B}.Debug|Any CPU.Build.0 = Debug|Any CPU
		{7B1CC5A8-1488-45CD-BCB0-34B01631E65B}.Release|Any CPU.ActiveCfg = Release|Any CPU
		{7B1CC5A8-1488-45CD-BCB0-34B01631E65B}.Release|Any CPU.Build.0 = Release|Any CPU
		{2A4654CB-67D4-48C3-A269-EE3D9CC7DAA2}.Debug|Any CPU.ActiveCfg = Debug|Any CPU
		{2A4654CB-67D4-48C3-A269-EE3D9CC7DAA2}.Debug|Any CPU.Build.0 = Debug|Any CPU
		{2A4654CB-67D4-48C3-A269-EE3D9CC7DAA2}.Release|Any CPU.ActiveCfg = Release|Any CPU
		{2A4654CB-67D4-48C3-A269-EE3D9CC7DAA2}.Release|Any CPU.Build.0 = Release|Any CPU
		{6C24D4DF-D389-4805-88A5-5D93C57749E2}.Debug|Any CPU.ActiveCfg = Debug|Any CPU
		{6C24D4DF-D389-4805-88A5-5D93C57749E2}.Debug|Any CPU.Build.0 = Debug|Any CPU
		{6C24D4DF-D389-4805-88A5-5D93C57749E2}.Release|Any CPU.ActiveCfg = Release|Any CPU
		{6C24D4DF-D389-4805-88A5-5D93C57749E2}.Release|Any CPU.Build.0 = Release|Any CPU
		{3B1FFE07-84BE-41A4-939A-A9442977712A}.Debug|Any CPU.ActiveCfg = Debug|Any CPU
		{3B1FFE07-84BE-41A4-939A-A9442977712A}.Debug|Any CPU.Build.0 = Debug|Any CPU
		{3B1FFE07-84BE-41A4-939A-A9442977712A}.Release|Any CPU.ActiveCfg = Release|Any CPU
		{3B1FFE07-84BE-41A4-939A-A9442977712A}.Release|Any CPU.Build.0 = Release|Any CPU
		{D222ABCE-28BC-47A7-B193-B777F81134F2}.Debug|Any CPU.ActiveCfg = Debug|Any CPU
		{D222ABCE-28BC-47A7-B193-B777F81134F2}.Debug|Any CPU.Build.0 = Debug|Any CPU
		{D222ABCE-28BC-47A7-B193-B777F81134F2}.Release|Any CPU.ActiveCfg = Release|Any CPU
		{D222ABCE-28BC-47A7-B193-B777F81134F2}.Release|Any CPU.Build.0 = Release|Any CPU
		{05DF9765-F4B8-4322-8FCF-6D71251A0EE2}.Debug|Any CPU.ActiveCfg = Debug|Any CPU
		{05DF9765-F4B8-4322-8FCF-6D71251A0EE2}.Debug|Any CPU.Build.0 = Debug|Any CPU
		{05DF9765-F4B8-4322-8FCF-6D71251A0EE2}.Release|Any CPU.ActiveCfg = Release|Any CPU
		{05DF9765-F4B8-4322-8FCF-6D71251A0EE2}.Release|Any CPU.Build.0 = Release|Any CPU
		{0CA9F3B9-9F28-4136-9245-709BBD30AFD5}.Debug|Any CPU.ActiveCfg = Debug|Any CPU
		{0CA9F3B9-9F28-4136-9245-709BBD30AFD5}.Debug|Any CPU.Build.0 = Debug|Any CPU
		{0CA9F3B9-9F28-4136-9245-709BBD30AFD5}.Release|Any CPU.ActiveCfg = Release|Any CPU
		{0CA9F3B9-9F28-4136-9245-709BBD30AFD5}.Release|Any CPU.Build.0 = Release|Any CPU
	EndGlobalSection
	GlobalSection(SolutionProperties) = preSolution
		HideSolutionNode = FALSE
	EndGlobalSection
EndGlobal
